
Microsoft Visual Studio Solution File, Format Version 12.00
# Visual Studio Version 17
VisualStudioVersion = 17.6.33829.357
MinimumVisualStudioVersion = 10.0.40219.1
Project("{9A19103F-16F7-4668-BE54-9A1E7A4F7556}") = "TestAPI", "TestAPI\TestAPI.csproj", "{A9EF3551-9730-485B-BBD5-C6F11D901004}"
EndProject
Global
	GlobalSection(SolutionConfigurationPlatforms) = preSolution
		Debug|Any CPU = Debug|Any CPU
		Release|Any CPU = Release|Any CPU
	EndGlobalSection
	GlobalSection(ProjectConfigurationPlatforms) = postSolution
		{A9EF3551-9730-485B-BBD5-C6F11D901004}.Debug|Any CPU.ActiveCfg = Debug|Any CPU
		{A9EF3551-9730-485B-BBD5-C6F11D901004}.Debug|Any CPU.Build.0 = Debug|Any CPU
		{A9EF3551-9730-485B-BBD5-C6F11D901004}.Release|Any CPU.ActiveCfg = Release|Any CPU
		{A9EF3551-9730-485B-BBD5-C6F11D901004}.Release|Any CPU.Build.0 = Release|Any CPU
	EndGlobalSection
	GlobalSection(SolutionProperties) = preSolution
		HideSolutionNode = FALSE
	EndGlobalSection
	GlobalSection(ExtensibilityGlobals) = postSolution
		SolutionGuid = {B49291AB-970A-45CF-8461-AAA7CB569098}
	EndGlobalSection
EndGlobal
